
Microsoft Visual Studio Solution File, Format Version 12.00
# Visual Studio Version 17
VisualStudioVersion = 17.7.34202.233
MinimumVisualStudioVersion = 10.0.40219.1
Project("{FAE04EC0-301F-11D3-BF4B-00C04F79EFBC}") = "sistem_audentificare", "sistem_audentificare.csproj", "{386FF3AE-A78E-466D-8272-A387FC4B18EE}"
EndProject
Global
	GlobalSection(SolutionConfigurationPlatforms) = preSolution
		Debug|Any CPU = Debug|Any CPU
		Release|Any CPU = Release|Any CPU
	EndGlobalSection
	GlobalSection(ProjectConfigurationPlatforms) = postSolution
		{386FF3AE-A78E-466D-8272-A387FC4B18EE}.Debug|Any CPU.ActiveCfg = Debug|Any CPU
		{386FF3AE-A78E-466D-8272-A387FC4B18EE}.Debug|Any CPU.Build.0 = Debug|Any CPU
		{386FF3AE-A78E-466D-8272-A387FC4B18EE}.Release|Any CPU.ActiveCfg = Release|Any CPU
		{386FF3AE-A78E-466D-8272-A387FC4B18EE}.Release|Any CPU.Build.0 = Release|Any CPU
	EndGlobalSection
	GlobalSection(SolutionProperties) = preSolution
		HideSolutionNode = FALSE
	EndGlobalSection
	GlobalSection(ExtensibilityGlobals) = postSolution
		SolutionGuid = {585EAFCE-16D9-48C0-A080-0C4FD86BD63B}
	EndGlobalSection
EndGlobal
